
Microsoft Visual Studio Solution File, Format Version 12.00
# Visual Studio Version 17
VisualStudioVersion = 17.5.33530.505
MinimumVisualStudioVersion = 10.0.40219.1
Project("{FAE04EC0-301F-11D3-BF4B-00C04F79EFBC}") = "AFMaster", "AFMaster\AFMaster.csproj", "{72BDB33F-2D9F-48DB-9FEC-A953F1EBEC57}"
EndProject
Global
	GlobalSection(SolutionConfigurationPlatforms) = preSolution
		Debug|Any CPU = Debug|Any CPU
		Release|Any CPU = Release|Any CPU
	EndGlobalSection
	GlobalSection(ProjectConfigurationPlatforms) = postSolution
		{72BDB33F-2D9F-48DB-9FEC-A953F1EBEC57}.Debug|Any CPU.ActiveCfg = Debug|Any CPU
		{72BDB33F-2D9F-48DB-9FEC-A953F1EBEC57}.Debug|Any CPU.Build.0 = Debug|Any CPU
		{72BDB33F-2D9F-48DB-9FEC-A953F1EBEC57}.Release|Any CPU.ActiveCfg = Release|Any CPU
		{72BDB33F-2D9F-48DB-9FEC-A953F1EBEC57}.Release|Any CPU.Build.0 = Release|Any CPU
	EndGlobalSection
	GlobalSection(SolutionProperties) = preSolution
		HideSolutionNode = FALSE
	EndGlobalSection
	GlobalSection(ExtensibilityGlobals) = postSolution
		SolutionGuid = {350E3EB2-F8F1-4468-A638-FF206DB085F2}
	EndGlobalSection
EndGlobal
